{
  "name": "connect-sdch",
  "version": "0.0.1",
  "dependencies": {
    "accepts": {
      "version": "1.1.0",
      "from": "accepts@~1.1.0",
      "resolved": "https://registry.npmjs.org/accepts/-/accepts-1.1.0.tgz",
      "dependencies": {
        "mime-types": {
          "version": "2.0.1",
          "from": "mime-types@~2.0.0",
          "resolved": "https://registry.npmjs.org/mime-types/-/mime-types-2.0.1.tgz",
          "dependencies": {
            "mime-db": {
              "version": "1.0.3",
              "from": "mime-db@~1.0.1",
              "resolved": "https://registry.npmjs.org/mime-db/-/mime-db-1.0.3.tgz"
            }
          }
        },
        "negotiator": {
          "version": "0.4.7",
          "from": "negotiator@0.4.7",
          "resolved": "https://registry.npmjs.org/negotiator/-/negotiator-0.4.7.tgz"
        }
      }
    },
    "bytes": {
      "version": "1.0.0",
      "from": "bytes@1.0.0",
      "resolved": "https://registry.npmjs.org/bytes/-/bytes-1.0.0.tgz"
    },
    "compressible": {
      "version": "2.0.0",
      "from": "compressible@~2.0.0",
      "resolved": "https://registry.npmjs.org/compressible/-/compressible-2.0.0.tgz",
      "dependencies": {
        "mime-db": {
          "version": "1.0.3",
          "from": "mime-db@~1.0.1",
          "resolved": "https://registry.npmjs.org/mime-db/-/mime-db-1.0.3.tgz"
        }
      }
    },
    "debug": {
      "version": "2.0.0",
      "from": "debug@~2.0.0",
      "resolved": "https://registry.npmjs.org/debug/-/debug-2.0.0.tgz",
      "dependencies": {
        "ms": {
          "version": "0.6.2",
          "from": "ms@0.6.2",
          "resolved": "https://registry.npmjs.org/ms/-/ms-0.6.2.tgz"
        }
      }
    },
    "on-headers": {
      "version": "1.0.0",
      "from": "on-headers@~1.0.0",
      "resolved": "https://registry.npmjs.org/on-headers/-/on-headers-1.0.0.tgz"
    },
    "range-parser": {
      "version": "1.0.2",
      "from": "range-parser@*",
      "resolved": "https://registry.npmjs.org/range-parser/-/range-parser-1.0.2.tgz"
    },
    "sdch": {
      "version": "0.0.2",
      "from": "sdch@~0.0.2",
      "dependencies": {
        "vcdiff": {
          "version": "0.0.2",
          "from": "vcdiff@0.0.2",
          "resolved": "https://registry.npmjs.org/vcdiff/-/vcdiff-0.0.2.tgz"
        },
        "tldjs": {
          "version": "1.5.0",
          "from": "https://registry.npmjs.org/tldjs/-/tldjs-1.5.0.tgz",
          "resolved": "https://registry.npmjs.org/tldjs/-/tldjs-1.5.0.tgz"
        }
      }
    },
    "vary": {
      "version": "1.0.0",
      "from": "vary@~1.0.0",
      "resolved": "https://registry.npmjs.org/vary/-/vary-1.0.0.tgz"
    }
  }
}
